// !$*UTF8*$!
{
	archiveVersion = 1;
	classes = {
	};
	objectVersion = 46;
	objects = {

/* Begin PBXBuildFile section */
		C6ED0A171E6B71860077A81F /* AppDelegate.swift in Sources */ = {isa = PBXBuildFile; fileRef = C6ED0A161E6B71860077A81F /* AppDelegate.swift */; };
		C6ED0A191E6B71860077A81F /* ViewController.swift in Sources */ = {isa = PBXBuildFile; fileRef = C6ED0A181E6B71860077A81F /* ViewController.swift */; };
		C6ED0A1C1E6B71860077A81F /* Main.storyboard in Resources */ = {isa = PBXBuildFile; fileRef = C6ED0A1A1E6B71860077A81F /* Main.storyboard */; };
		C6ED0A1E1E6B71860077A81F /* Assets.xcassets in Resources */ = {isa = PBXBuildFile; fileRef = C6ED0A1D1E6B71860077A81F /* Assets.xcassets */; };
		C6ED0A211E6B71860077A81F /* LaunchScreen.storyboard in Resources */ = {isa = PBXBuildFile; fileRef = C6ED0A1F1E6B71860077A81F /* LaunchScreen.storyboard */; };
		C6ED0A2C1E6B71860077A81F /* TipViewTests.swift in Sources */ = {isa = PBXBuildFile; fileRef = C6ED0A2B1E6B71860077A81F /* TipViewTests.swift */; };
		C6ED0A371E6B71860077A81F /* TipViewUITests.swift in Sources */ = {isa = PBXBuildFile; fileRef = C6ED0A361E6B71860077A81F /* TipViewUITests.swift */; };
/* End PBXBuildFile section */

/* Begin PBXContainerItemProxy section */
		C6ED0A281E6B71860077A81F /* PBXContainerItemProxy */ = {
			isa = PBXContainerItemProxy;
			containerPortal = C6ED0A0B1E6B71850077A81F /* Project object */;
			proxyType = 1;
			remoteGlobalIDString = C6ED0A121E6B71850077A81F;
			remoteInfo = TipView;
		};
		C6ED0A331E6B71860077A81F /* PBXContainerItemProxy */ = {
			isa = PBXContainerItemProxy;
			containerPortal = C6ED0A0B1E6B71850077A81F /* Project object */;
			proxyType = 1;
			remoteGlobalIDString = C6ED0A121E6B71850077A81F;
			remoteInfo = TipView;
		};
/* End PBXContainerItemProxy section */

/* Begin PBXFileReference section */
		C6ED0A131E6B71860077A81F /* TipView.app */ = {isa = PBXFileReference; explicitFileType = wrapper.application; includeInIndex = 0; path = TipView.app; sourceTree = BUILT_PRODUCTS_DIR; };
		C6ED0A161E6B71860077A81F /* AppDelegate.swift */ = {isa = PBXFileReference; lastKnownFileType = sourcecode.swift; path = AppDelegate.swift; sourceTree = "<group>"; };
		C6ED0A181E6B71860077A81F /* ViewController.swift */ = {isa = PBXFileReference; lastKnownFileType = sourcecode.swift; path = ViewController.swift; sourceTree = "<group>"; };
		C6ED0A1B1E6B71860077A81F /* Base */ = {isa = PBXFileReference; lastKnownFileType = file.storyboard; name = Base; path = Base.lproj/Main.storyboard; sourceTree = "<group>"; };
		C6ED0A1D1E6B71860077A81F /* Assets.xcassets */ = {isa = PBXFileReference; lastKnownFileType = folder.assetcatalog; path = Assets.xcassets; sourceTree = "<group>"; };
		C6ED0A201E6B71860077A81F /* Base */ = {isa = PBXFileReference; lastKnownFileType = file.storyboard; name = Base; path = Base.lproj/LaunchScreen.storyboard; sourceTree = "<group>"; };
		C6ED0A221E6B71860077A81F /* Info.plist */ = {isa = PBXFileReference; lastKnownFileType = text.plist.xml; path = Info.plist; sourceTree = "<group>"; };
		C6ED0A271E6B71860077A81F /* TipViewTests.xctest */ = {isa = PBXFileReference; explicitFileType = wrapper.cfbundle; includeInIndex = 0; path = TipViewTests.xctest; sourceTree = BUILT_PRODUCTS_DIR; };
		C6ED0A2B1E6B71860077A81F /* TipViewTests.swift */ = {isa = PBXFileReference; lastKnownFileType = sourcecode.swift; path = TipViewTests.swift; sourceTree = "<group>"; };
		C6ED0A2D1E6B71860077A81F /* Info.plist */ = {isa = PBXFileReference; lastKnownFileType = text.plist.xml; path = Info.plist; sourceTree = "<group>"; };
		C6ED0A321E6B71860077A81F /* TipViewUITests.xctest */ = {isa = PBXFileReference; explicitFileType = wrapper.cfbundle; includeInIndex = 0; path = TipViewUITests.xctest; sourceTree = BUILT_PRODUCTS_DIR; };
		C6ED0A361E6B71860077A81F /* TipViewUITests.swift */ = {isa = PBXFileReference; lastKnownFileType = sourcecode.swift; path = TipViewUITests.swift; sourceTree = "<group>"; };
		C6ED0A381E6B71860077A81F /* Info.plist */ = {isa = PBXFileReference; lastKnownFileType = text.plist.xml; path = Info.plist; sourceTree = "<group>"; };
/* End PBXFileReference section */

/* Begin PBXFrameworksBuildPhase section */
		C6ED0A101E6B71850077A81F /* Frameworks */ = {
			isa = PBXFrameworksBuildPhase;
			buildActionMask = 2147483647;
			files = (
			);
			runOnlyForDeploymentPostprocessing = 0;
		};
		C6ED0A241E6B71860077A81F /* Frameworks */ = {
			isa = PBXFrameworksBuildPhase;
			buildActionMask = 2147483647;
			files = (
			);
			runOnlyForDeploymentPostprocessing = 0;
		};
		C6ED0A2F1E6B71860077A81F /* Frameworks */ = {
			isa = PBXFrameworksBuildPhase;
			buildActionMask = 2147483647;
			files = (
			);
			runOnlyForDeploymentPostprocessing = 0;
		};
/* End PBXFrameworksBuildPhase section */

/* Begin PBXGroup section */
		C6ED0A0A1E6B71850077A81F = {
			isa = PBXGroup;
			children = (
				C6ED0A151E6B71860077A81F /* TipView */,
				C6ED0A2A1E6B71860077A81F /* TipViewTests */,
				C6ED0A351E6B71860077A81F /* TipViewUITests */,
				C6ED0A141E6B71860077A81F /* Products */,
			);
			sourceTree = "<group>";
		};
		C6ED0A141E6B71860077A81F /* Products */ = {
			isa = PBXGroup;
			children = (
				C6ED0A131E6B71860077A81F /* TipView.app */,
				C6ED0A271E6B71860077A81F /* TipViewTests.xctest */,
				C6ED0A321E6B71860077A81F /* TipViewUITests.xctest */,
			);
			name = Products;
			sourceTree = "<group>";
		};
		C6ED0A151E6B71860077A81F /* TipView */ = {
			isa = PBXGroup;
			children = (
				C6ED0A161E6B71860077A81F /* AppDelegate.swift */,
				C6ED0A181E6B71860077A81F /* ViewController.swift */,
				C6ED0A1A1E6B71860077A81F /* Main.storyboard */,
				C6ED0A1D1E6B71860077A81F /* Assets.xcassets */,
				C6ED0A1F1E6B71860077A81F /* LaunchScreen.storyboard */,
				C6ED0A221E6B71860077A81F /* Info.plist */,
			);
			path = TipView;
			sourceTree = "<group>";
		};
		C6ED0A2A1E6B71860077A81F /* TipViewTests */ = {
			isa = PBXGroup;
			children = (
				C6ED0A2B1E6B71860077A81F /* TipViewTests.swift */,
				C6ED0A2D1E6B71860077A81F /* Info.plist */,
			);
			path = TipViewTests;
			sourceTree = "<group>";
		};
		C6ED0A351E6B71860077A81F /* TipViewUITests */ = {
			isa = PBXGroup;
			children = (
				C6ED0A361E6B71860077A81F /* TipViewUITests.swift */,
				C6ED0A381E6B71860077A81F /* Info.plist */,
			);
			path = TipViewUITests;
			sourceTree = "<group>";
		};
/* End PBXGroup section */

/* Begin PBXNativeTarget section */
		C6ED0A121E6B71850077A81F /* TipView */ = {
			isa = PBXNativeTarget;
			buildConfigurationList = C6ED0A3B1E6B71860077A81F /* Build configuration list for PBXNativeTarget "TipView" */;
			buildPhases = (
				C6ED0A0F1E6B71850077A81F /* Sources */,
				C6ED0A101E6B71850077A81F /* Frameworks */,
				C6ED0A111E6B71850077A81F /* Resources */,
			);
			buildRules = (
			);
			dependencies = (
			);
			name = TipView;
			productName = TipView;
			productReference = C6ED0A131E6B71860077A81F /* TipView.app */;
			productType = "com.apple.product-type.application";
		};
		C6ED0A261E6B71860077A81F /* TipViewTests */ = {
			isa = PBXNativeTarget;
			buildConfigurationList = C6ED0A3E1E6B71860077A81F /* Build configuration list for PBXNativeTarget "TipViewTests" */;
			buildPhases = (
				C6ED0A231E6B71860077A81F /* Sources */,
				C6ED0A241E6B71860077A81F /* Frameworks */,
				C6ED0A251E6B71860077A81F /* Resources */,
			);
			buildRules = (
			);
			dependencies = (
				C6ED0A291E6B71860077A81F /* PBXTargetDependency */,
			);
			name = TipViewTests;
			productName = TipViewTests;
			productReference = C6ED0A271E6B71860077A81F /* TipViewTests.xctest */;
			productType = "com.apple.product-type.bundle.unit-test";
		};
		C6ED0A311E6B71860077A81F /* TipViewUITests */ = {
			isa = PBXNativeTarget;
			buildConfigurationList = C6ED0A411E6B71860077A81F /* Build configuration list for PBXNativeTarget "TipViewUITests" */;
			buildPhases = (
				C6ED0A2E1E6B71860077A81F /* Sources */,
				C6ED0A2F1E6B71860077A81F /* Frameworks */,
				C6ED0A301E6B71860077A81F /* Resources */,
			);
			buildRules = (
			);
			dependencies = (
				C6ED0A341E6B71860077A81F /* PBXTargetDependency */,
			);
			name = TipViewUITests;
			productName = TipViewUITests;
			productReference = C6ED0A321E6B71860077A81F /* TipViewUITests.xctest */;
			productType = "com.apple.product-type.bundle.ui-testing";
		};
/* End PBXNativeTarget section */

/* Begin PBXProject section */
		C6ED0A0B1E6B71850077A81F /* Project object */ = {
			isa = PBXProject;
			attributes = {
				LastSwiftUpdateCheck = 0820;
				LastUpgradeCheck = 0820;
				ORGANIZATIONNAME = "Alan Hantke";
				TargetAttributes = {
					C6ED0A121E6B71850077A81F = {
						CreatedOnToolsVersion = 8.2.1;
						ProvisioningStyle = Automatic;
					};
					C6ED0A261E6B71860077A81F = {
						CreatedOnToolsVersion = 8.2.1;
						ProvisioningStyle = Automatic;
						TestTargetID = C6ED0A121E6B71850077A81F;
					};
					C6ED0A311E6B71860077A81F = {
						CreatedOnToolsVersion = 8.2.1;
						ProvisioningStyle = Automatic;
						TestTargetID = C6ED0A121E6B71850077A81F;
					};
				};
			};
			buildConfigurationList = C6ED0A0E1E6B71850077A81F /* Build configuration list for PBXProject "TipView" */;
			compatibilityVersion = "Xcode 3.2";
			developmentRegion = English;
			hasScannedForEncodings = 0;
			knownRegions = (
				en,
				Base,
			);
			mainGroup = C6ED0A0A1E6B71850077A81F;
			productRefGroup = C6ED0A141E6B71860077A81F /* Products */;
			projectDirPath = "";
			projectRoot = "";
			targets = (
				C6ED0A121E6B71850077A81F /* TipView */,
				C6ED0A261E6B71860077A81F /* TipViewTests */,
				C6ED0A311E6B71860077A81F /* TipViewUITests */,
			);
		};
/* End PBXProject section */

/* Begin PBXResourcesBuildPhase section */
		C6ED0A111E6B71850077A81F /* Resources */ = {
			isa = PBXResourcesBuildPhase;
			buildActionMask = 2147483647;
			files = (
				C6ED0A211E6B71860077A81F /* LaunchScreen.storyboard in Resources */,
				C6ED0A1E1E6B71860077A81F /* Assets.xcassets in Resources */,
				C6ED0A1C1E6B71860077A81F /* Main.storyboard in Resources */,
			);
			runOnlyForDeploymentPostprocessing = 0;
		};
		C6ED0A251E6B71860077A81F /* Resources */ = {
			isa = PBXResourcesBuildPhase;
			buildActionMask = 2147483647;
			files = (
			);
			runOnlyForDeploymentPostprocessing = 0;
		};
		C6ED0A301E6B71860077A81F /* Resources */ = {
			isa = PBXResourcesBuildPhase;
			buildActionMask = 2147483647;
			files = (
			);
			runOnlyForDeploymentPostprocessing = 0;
		};
/* End PBXResourcesBuildPhase section */

/* Begin PBXSourcesBuildPhase section */
		C6ED0A0F1E6B71850077A81F /* Sources */ = {
			isa = PBXSourcesBuildPhase;
			buildActionMask = 2147483647;
			files = (
				C6ED0A191E6B71860077A81F /* ViewController.swift in Sources */,
				C6ED0A171E6B71860077A81F /* AppDelegate.swift in Sources */,
			);
			runOnlyForDeploymentPostprocessing = 0;
		};
		C6ED0A231E6B71860077A81F /* Sources */ = {
			isa = PBXSourcesBuildPhase;
			buildActionMask = 2147483647;
			files = (
				C6ED0A2C1E6B71860077A81F /* TipViewTests.swift in Sources */,
			);
			runOnlyForDeploymentPostprocessing = 0;
		};
		C6ED0A2E1E6B71860077A81F /* Sources */ = {
			isa = PBXSourcesBuildPhase;
			buildActionMask = 2147483647;
			files = (
				C6ED0A371E6B71860077A81F /* TipViewUITests.swift in Sources */,
			);
			runOnlyForDeploymentPostprocessing = 0;
		};
/* End PBXSourcesBuildPhase section */

/* Begin PBXTargetDependency section */
		C6ED0A291E6B71860077A81F /* PBXTargetDependency */ = {
			isa = PBXTargetDependency;
			target = C6ED0A121E6B71850077A81F /* TipView */;
			targetProxy = C6ED0A281E6B71860077A81F /* PBXContainerItemProxy */;
		};
		C6ED0A341E6B71860077A81F /* PBXTargetDependency */ = {
			isa = PBXTargetDependency;
			target = C6ED0A121E6B71850077A81F /* TipView */;
			targetProxy = C6ED0A331E6B71860077A81F /* PBXContainerItemProxy */;
		};
/* End PBXTargetDependency section */

/* Begin PBXVariantGroup section */
		C6ED0A1A1E6B71860077A81F /* Main.storyboard */ = {
			isa = PBXVariantGroup;
			children = (
				C6ED0A1B1E6B71860077A81F /* Base */,
			);
			name = Main.storyboard;
			sourceTree = "<group>";
		};
		C6ED0A1F1E6B71860077A81F /* LaunchScreen.storyboard */ = {
			isa = PBXVariantGroup;
			children = (
				C6ED0A201E6B71860077A81F /* Base */,
			);
			name = LaunchScreen.storyboard;
			sourceTree = "<group>";
		};
/* End PBXVariantGroup section */

/* Begin XCBuildConfiguration section */
		C6ED0A391E6B71860077A81F /* Debug */ = {
			isa = XCBuildConfiguration;
			buildSettings = {
				ALWAYS_SEARCH_USER_PATHS = NO;
				CLANG_ANALYZER_NONNULL = YES;
				CLANG_CXX_LANGUAGE_STANDARD = "gnu++0x";
				CLANG_CXX_LIBRARY = "libc++";
				CLANG_ENABLE_MODULES = YES;
				CLANG_ENABLE_OBJC_ARC = YES;
				CLANG_WARN_BOOL_CONVERSION = YES;
				CLANG_WARN_CONSTANT_CONVERSION = YES;
				CLANG_WARN_DIRECT_OBJC_ISA_USAGE = YES_ERROR;
				CLANG_WARN_DOCUMENTATION_COMMENTS = YES;
				CLANG_WARN_EMPTY_BODY = YES;
				CLANG_WARN_ENUM_CONVERSION = YES;
				CLANG_WARN_INFINITE_RECURSION = YES;
				CLANG_WARN_INT_CONVERSION = YES;
				CLANG_WARN_OBJC_ROOT_CLASS = YES_ERROR;
				CLANG_WARN_SUSPICIOUS_MOVE = YES;
				CLANG_WARN_UNREACHABLE_CODE = YES;
				CLANG_WARN__DUPLICATE_METHOD_MATCH = YES;
				"CODE_SIGN_IDENTITY[sdk=iphoneos*]" = "iPhone Developer";
				COPY_PHASE_STRIP = NO;
				DEBUG_INFORMATION_FORMAT = dwarf;
				ENABLE_STRICT_OBJC_MSGSEND = YES;
				ENABLE_TESTABILITY = YES;
				GCC_C_LANGUAGE_STANDARD = gnu99;
				GCC_DYNAMIC_NO_PIC = NO;
				GCC_NO_COMMON_BLOCKS = YES;
				GCC_OPTIMIZATION_LEVEL = 0;
				GCC_PREPROCESSOR_DEFINITIONS = (
					"DEBUG=1",
					"$(inherited)",
				);
				GCC_WARN_64_TO_32_BIT_CONVERSION = YES;
				GCC_WARN_ABOUT_RETURN_TYPE = YES_ERROR;
				GCC_WARN_UNDECLARED_SELECTOR = YES;
				GCC_WARN_UNINITIALIZED_AUTOS = YES_AGGRESSIVE;
				GCC_WARN_UNUSED_FUNCTION = YES;
				GCC_WARN_UNUSED_VARIABLE = YES;
				IPHONEOS_DEPLOYMENT_TARGET = 10.2;
				MTL_ENABLE_DEBUG_INFO = YES;
				ONLY_ACTIVE_ARCH = YES;
				SDKROOT = iphoneos;
				SWIFT_ACTIVE_COMPILATION_CONDITIONS = DEBUG;
				SWIFT_OPTIMIZATION_LEVEL = "-Onone";
			};
			name = Debug;
		};
		C6ED0A3A1E6B71860077A81F /* Release */ = {
			isa = XCBuildConfiguration;
			buildSettings = {
				ALWAYS_SEARCH_USER_PATHS = NO;
				CLANG_ANALYZER_NONNULL = YES;
				CLANG_CXX_LANGUAGE_STANDARD = "gnu++0x";
				CLANG_CXX_LIBRARY = "libc++";
				CLANG_ENABLE_MODULES = YES;
				CLANG_ENABLE_OBJC_ARC = YES;
				CLANG_WARN_BOOL_CONVERSION = YES;
				CLANG_WARN_CONSTANT_CONVERSION = YES;
				CLANG_WARN_DIRECT_OBJC_ISA_USAGE = YES_ERROR;
				CLANG_WARN_DOCUMENTATION_COMMENTS = YES;
				CLANG_WARN_EMPTY_BODY = YES;
				CLANG_WARN_ENUM_CONVERSION = YES;
				CLANG_WARN_INFINITE_RECURSION = YES;
				CLANG_WARN_INT_CONVERSION = YES;
				CLANG_WARN_OBJC_ROOT_CLASS = YES_ERROR;
				CLANG_WARN_SUSPICIOUS_MOVE = YES;
				CLANG_WARN_UNREACHABLE_CODE = YES;
				CLANG_WARN__DUPLICATE_METHOD_MATCH = YES;
				"CODE_SIGN_IDENTITY[sdk=iphoneos*]" = "iPhone Developer";
				COPY_PHASE_STRIP = NO;
				DEBUG_INFORMATION_FORMAT = "dwarf-with-dsym";
				ENABLE_NS_ASSERTIONS = NO;
				ENABLE_STRICT_OBJC_MSGSEND = YES;
				GCC_C_LANGUAGE_STANDARD = gnu99;
				GCC_NO_COMMON_BLOCKS = YES;
				GCC_WARN_64_TO_32_BIT_CONVERSION = YES;
				GCC_WARN_ABOUT_RETURN_TYPE = YES_ERROR;
				GCC_WARN_UNDECLARED_SELECTOR = YES;
				GCC_WARN_UNINITIALIZED_AUTOS = YES_AGGRESSIVE;
				GCC_WARN_UNUSED_FUNCTION = YES;
				GCC_WARN_UNUSED_VARIABLE = YES;
				IPHONEOS_DEPLOYMENT_TARGET = 10.2;
				MTL_ENABLE_DEBUG_INFO = NO;
				SDKROOT = iphoneos;
				SWIFT_OPTIMIZATION_LEVEL = "-Owholemodule";
				VALIDATE_PRODUCT = YES;
			};
			name = Release;
		};
		C6ED0A3C1E6B71860077A81F /* Debug */ = {
			isa = XCBuildConfiguration;
			buildSettings = {
				ASSETCATALOG_COMPILER_APPICON_NAME = AppIcon;
				INFOPLIST_FILE = TipView/Info.plist;
				LD_RUNPATH_SEARCH_PATHS = "$(inherited) @executable_path/Frameworks";
				PRODUCT_BUNDLE_IDENTIFIER = com.annaconda.cocoa.TipView;
				PRODUCT_NAME = "$(TARGET_NAME)";
				SWIFT_VERSION = 3.0;
			};
			name = Debug;
		};
		C6ED0A3D1E6B71860077A81F /* Release */ = {
			isa = XCBuildConfiguration;
			buildSettings = {
				ASSETCATALOG_COMPILER_APPICON_NAME = AppIcon;
				INFOPLIST_FILE = TipView/Info.plist;
				LD_RUNPATH_SEARCH_PATHS = "$(inherited) @executable_path/Frameworks";
				PRODUCT_BUNDLE_IDENTIFIER = com.annaconda.cocoa.TipView;
				PRODUCT_NAME = "$(TARGET_NAME)";
				SWIFT_VERSION = 3.0;
			};
			name = Release;
		};
		C6ED0A3F1E6B71860077A81F /* Debug */ = {
			isa = XCBuildConfiguration;
			buildSettings = {
				ALWAYS_EMBED_SWIFT_STANDARD_LIBRARIES = YES;
				BUNDLE_LOADER = "$(TEST_HOST)";
				INFOPLIST_FILE = TipViewTests/Info.plist;
				LD_RUNPATH_SEARCH_PATHS = "$(inherited) @executable_path/Frameworks @loader_path/Frameworks";
				PRODUCT_BUNDLE_IDENTIFIER = com.annaconda.cocoa.TipViewTests;
				PRODUCT_NAME = "$(TARGET_NAME)";
				SWIFT_VERSION = 3.0;
				TEST_HOST = "$(BUILT_PRODUCTS_DIR)/TipView.app/TipView";
			};
			name = Debug;
		};
		C6ED0A401E6B71860077A81F /* Release */ = {
			isa = XCBuildConfiguration;
			buildSettings = {
				ALWAYS_EMBED_SWIFT_STANDARD_LIBRARIES = YES;
				BUNDLE_LOADER = "$(TEST_HOST)";
				INFOPLIST_FILE = TipViewTests/Info.plist;
				LD_RUNPATH_SEARCH_PATHS = "$(inherited) @executable_path/Frameworks @loader_path/Frameworks";
				PRODUCT_BUNDLE_IDENTIFIER = com.annaconda.cocoa.TipViewTests;
				PRODUCT_NAME = "$(TARGET_NAME)";
				SWIFT_VERSION = 3.0;
				TEST_HOST = "$(BUILT_PRODUCTS_DIR)/TipView.app/TipView";
			};
			name = Release;
		};
		C6ED0A421E6B71860077A81F /* Debug */ = {
			isa = XCBuildConfiguration;
			buildSettings = {
				ALWAYS_EMBED_SWIFT_STANDARD_LIBRARIES = YES;
				INFOPLIST_FILE = TipViewUITests/Info.plist;
				LD_RUNPATH_SEARCH_PATHS = "$(inherited) @executable_path/Frameworks @loader_path/Frameworks";
				PRODUCT_BUNDLE_IDENTIFIER = com.annaconda.cocoa.TipViewUITests;
				PRODUCT_NAME = "$(TARGET_NAME)";
				SWIFT_VERSION = 3.0;
				TEST_TARGET_NAME = TipView;
			};
			name = Debug;
		};
		C6ED0A431E6B71860077A81F /* Release */ = {
			isa = XCBuildConfiguration;
			buildSettings = {
				ALWAYS_EMBED_SWIFT_STANDARD_LIBRARIES = YES;
				INFOPLIST_FILE = TipViewUITests/Info.plist;
				LD_RUNPATH_SEARCH_PATHS = "$(inherited) @executable_path/Frameworks @loader_path/Frameworks";
				PRODUCT_BUNDLE_IDENTIFIER = com.annaconda.cocoa.TipViewUITests;
				PRODUCT_NAME = "$(TARGET_NAME)";
				SWIFT_VERSION = 3.0;
				TEST_TARGET_NAME = TipView;
			};
			name = Release;
		};
/* End XCBuildConfiguration section */

/* Begin XCConfigurationList section */
		C6ED0A0E1E6B71850077A81F /* Build configuration list for PBXProject "TipView" */ = {
			isa = XCConfigurationList;
			buildConfigurations = (
				C6ED0A391E6B71860077A81F /* Debug */,
				C6ED0A3A1E6B71860077A81F /* Release */,
			);
			defaultConfigurationIsVisible = 0;
			defaultConfigurationName = Release;
		};
		C6ED0A3B1E6B71860077A81F /* Build configuration list for PBXNativeTarget "TipView" */ = {
			isa = XCConfigurationList;
			buildConfigurations = (
				C6ED0A3C1E6B71860077A81F /* Debug */,
				C6ED0A3D1E6B71860077A81F /* Release */,
			);
			defaultConfigurationIsVisible = 0;
		};
		C6ED0A3E1E6B71860077A81F /* Build configuration list for PBXNativeTarget "TipViewTests" */ = {
			isa = XCConfigurationList;
			buildConfigurations = (
				C6ED0A3F1E6B71860077A81F /* Debug */,
				C6ED0A401E6B71860077A81F /* Release */,
			);
			defaultConfigurationIsVisible = 0;
		};
		C6ED0A411E6B71860077A81F /* Build configuration list for PBXNativeTarget "TipViewUITests" */ = {
			isa = XCConfigurationList;
			buildConfigurations = (
				C6ED0A421E6B71860077A81F /* Debug */,
				C6ED0A431E6B71860077A81F /* Release */,
			);
			defaultConfigurationIsVisible = 0;
		};
/* End XCConfigurationList section */
	};
	rootObject = C6ED0A0B1E6B71850077A81F /* Project object */;
}
